
Microsoft Visual Studio Solution File, Format Version 12.00
# Visual Studio Version 16
VisualStudioVersion = 16.0.31205.134
MinimumVisualStudioVersion = 10.0.40219.1
Project("{FAE04EC0-301F-11D3-BF4B-00C04F79EFBC}") = "TourPlannerApp", "TourPlannerApp.csproj", "{FFCC0D0E-DAA2-4CFA-AB64-7DBFEBF56063}"
EndProject
Global
	GlobalSection(SolutionConfigurationPlatforms) = preSolution
		Debug|Any CPU = Debug|Any CPU
		Release|Any CPU = Release|Any CPU
	EndGlobalSection
	GlobalSection(ProjectConfigurationPlatforms) = postSolution
		{FFCC0D0E-DAA2-4CFA-AB64-7DBFEBF56063}.Debug|Any CPU.ActiveCfg = Debug|Any CPU
		{FFCC0D0E-DAA2-4CFA-AB64-7DBFEBF56063}.Debug|Any CPU.Build.0 = Debug|Any CPU
		{FFCC0D0E-DAA2-4CFA-AB64-7DBFEBF56063}.Release|Any CPU.ActiveCfg = Release|Any CPU
		{FFCC0D0E-DAA2-4CFA-AB64-7DBFEBF56063}.Release|Any CPU.Build.0 = Release|Any CPU
	EndGlobalSection
	GlobalSection(SolutionProperties) = preSolution
		HideSolutionNode = FALSE
	EndGlobalSection
	GlobalSection(ExtensibilityGlobals) = postSolution
		SolutionGuid = {0AD1A9F9-77AF-426C-A0E4-F2DC35969BED}
	EndGlobalSection
EndGlobal
